// !$*UTF8*$!
{
	archiveVersion = 1;
	classes = {
	};
	objectVersion = 50;
	objects = {

/* Begin PBXBuildFile section */
		68B94E71216CE8B9003B3C40 /* AppDelegate.swift in Sources */ = {isa = PBXBuildFile; fileRef = 68B94E70216CE8B9003B3C40 /* AppDelegate.swift */; };
		68B94E73216CE8B9003B3C40 /* ColorChangeViewController.swift in Sources */ = {isa = PBXBuildFile; fileRef = 68B94E72216CE8B9003B3C40 /* ColorChangeViewController.swift */; };
		68B94E76216CE8B9003B3C40 /* Main.storyboard in Resources */ = {isa = PBXBuildFile; fileRef = 68B94E74216CE8B9003B3C40 /* Main.storyboard */; };
		68B94E78216CE8BB003B3C40 /* Assets.xcassets in Resources */ = {isa = PBXBuildFile; fileRef = 68B94E77216CE8BB003B3C40 /* Assets.xcassets */; };
		68B94E7B216CE8BB003B3C40 /* LaunchScreen.storyboard in Resources */ = {isa = PBXBuildFile; fileRef = 68B94E79216CE8BB003B3C40 /* LaunchScreen.storyboard */; };
		68B94E86216CE8BB003B3C40 /* FirstIosAppTests.swift in Sources */ = {isa = PBXBuildFile; fileRef = 68B94E85216CE8BB003B3C40 /* FirstIosAppTests.swift */; };
		68B94E91216CE8BB003B3C40 /* FirstIosAppUITests.swift in Sources */ = {isa = PBXBuildFile; fileRef = 68B94E90216CE8BB003B3C40 /* FirstIosAppUITests.swift */; };
/* End PBXBuildFile section */

/* Begin PBXContainerItemProxy section */
		68B94E82216CE8BB003B3C40 /* PBXContainerItemProxy */ = {
			isa = PBXContainerItemProxy;
			containerPortal = 68B94E65216CE8B9003B3C40 /* Project object */;
			proxyType = 1;
			remoteGlobalIDString = 68B94E6C216CE8B9003B3C40;
			remoteInfo = FirstIosApp;
		};
		68B94E8D216CE8BB003B3C40 /* PBXContainerItemProxy */ = {
			isa = PBXContainerItemProxy;
			containerPortal = 68B94E65216CE8B9003B3C40 /* Project object */;
			proxyType = 1;
			remoteGlobalIDString = 68B94E6C216CE8B9003B3C40;
			remoteInfo = FirstIosApp;
		};
/* End PBXContainerItemProxy section */

/* Begin PBXFileReference section */
		68B94E6D216CE8B9003B3C40 /* FirstIosApp.app */ = {isa = PBXFileReference; explicitFileType = wrapper.application; includeInIndex = 0; path = FirstIosApp.app; sourceTree = BUILT_PRODUCTS_DIR; };
		68B94E70216CE8B9003B3C40 /* AppDelegate.swift */ = {isa = PBXFileReference; lastKnownFileType = sourcecode.swift; path = AppDelegate.swift; sourceTree = "<group>"; };
		68B94E72216CE8B9003B3C40 /* ColorChangeViewController.swift */ = {isa = PBXFileReference; lastKnownFileType = sourcecode.swift; path = ColorChangeViewController.swift; sourceTree = "<group>"; };
		68B94E75216CE8B9003B3C40 /* Base */ = {isa = PBXFileReference; lastKnownFileType = file.storyboard; name = Base; path = Base.lproj/Main.storyboard; sourceTree = "<group>"; };
		68B94E77216CE8BB003B3C40 /* Assets.xcassets */ = {isa = PBXFileReference; lastKnownFileType = folder.assetcatalog; path = Assets.xcassets; sourceTree = "<group>"; };
		68B94E7A216CE8BB003B3C40 /* Base */ = {isa = PBXFileReference; lastKnownFileType = file.storyboard; name = Base; path = Base.lproj/LaunchScreen.storyboard; sourceTree = "<group>"; };
		68B94E7C216CE8BB003B3C40 /* Info.plist */ = {isa = PBXFileReference; lastKnownFileType = text.plist.xml; path = Info.plist; sourceTree = "<group>"; };
		68B94E81216CE8BB003B3C40 /* FirstIosAppTests.xctest */ = {isa = PBXFileReference; explicitFileType = wrapper.cfbundle; includeInIndex = 0; path = FirstIosAppTests.xctest; sourceTree = BUILT_PRODUCTS_DIR; };
		68B94E85216CE8BB003B3C40 /* FirstIosAppTests.swift */ = {isa = PBXFileReference; lastKnownFileType = sourcecode.swift; path = FirstIosAppTests.swift; sourceTree = "<group>"; };
		68B94E87216CE8BB003B3C40 /* Info.plist */ = {isa = PBXFileReference; lastKnownFileType = text.plist.xml; path = Info.plist; sourceTree = "<group>"; };
		68B94E8C216CE8BB003B3C40 /* FirstIosAppUITests.xctest */ = {isa = PBXFileReference; explicitFileType = wrapper.cfbundle; includeInIndex = 0; path = FirstIosAppUITests.xctest; sourceTree = BUILT_PRODUCTS_DIR; };
		68B94E90216CE8BB003B3C40 /* FirstIosAppUITests.swift */ = {isa = PBXFileReference; lastKnownFileType = sourcecode.swift; path = FirstIosAppUITests.swift; sourceTree = "<group>"; };
		68B94E92216CE8BB003B3C40 /* Info.plist */ = {isa = PBXFileReference; lastKnownFileType = text.plist.xml; path = Info.plist; sourceTree = "<group>"; };
/* End PBXFileReference section */

/* Begin PBXFrameworksBuildPhase section */
		68B94E6A216CE8B9003B3C40 /* Frameworks */ = {
			isa = PBXFrameworksBuildPhase;
			buildActionMask = 2147483647;
			files = (
			);
			runOnlyForDeploymentPostprocessing = 0;
		};
		68B94E7E216CE8BB003B3C40 /* Frameworks */ = {
			isa = PBXFrameworksBuildPhase;
			buildActionMask = 2147483647;
			files = (
			);
			runOnlyForDeploymentPostprocessing = 0;
		};
		68B94E89216CE8BB003B3C40 /* Frameworks */ = {
			isa = PBXFrameworksBuildPhase;
			buildActionMask = 2147483647;
			files = (
			);
			runOnlyForDeploymentPostprocessing = 0;
		};
/* End PBXFrameworksBuildPhase section */

/* Begin PBXGroup section */
		686837D0216CECCB000809A4 /* Resources */ = {
			isa = PBXGroup;
			children = (
				68B94E70216CE8B9003B3C40 /* AppDelegate.swift */,
				68B94E77216CE8BB003B3C40 /* Assets.xcassets */,
				68B94E7C216CE8BB003B3C40 /* Info.plist */,
			);
			path = Resources;
			sourceTree = "<group>";
		};
		686837D1216CF089000809A4 /* View */ = {
			isa = PBXGroup;
			children = (
				68B94E74216CE8B9003B3C40 /* Main.storyboard */,
				68B94E79216CE8BB003B3C40 /* LaunchScreen.storyboard */,
			);
			path = View;
			sourceTree = "<group>";
		};
		686837D2216CF0BA000809A4 /* Controller */ = {
			isa = PBXGroup;
			children = (
				68B94E72216CE8B9003B3C40 /* ColorChangeViewController.swift */,
			);
			path = Controller;
			sourceTree = "<group>";
		};
		68B94E64216CE8B9003B3C40 = {
			isa = PBXGroup;
			children = (
				68B94E6F216CE8B9003B3C40 /* FirstIosApp */,
				68B94E84216CE8BB003B3C40 /* FirstIosAppTests */,
				68B94E8F216CE8BB003B3C40 /* FirstIosAppUITests */,
				68B94E6E216CE8B9003B3C40 /* Products */,
			);
			sourceTree = "<group>";
		};
		68B94E6E216CE8B9003B3C40 /* Products */ = {
			isa = PBXGroup;
			children = (
				68B94E6D216CE8B9003B3C40 /* FirstIosApp.app */,
				68B94E81216CE8BB003B3C40 /* FirstIosAppTests.xctest */,
				68B94E8C216CE8BB003B3C40 /* FirstIosAppUITests.xctest */,
			);
			name = Products;
			sourceTree = "<group>";
		};
		68B94E6F216CE8B9003B3C40 /* FirstIosApp */ = {
			isa = PBXGroup;
			children = (
				686837D0216CECCB000809A4 /* Resources */,
				686837D2216CF0BA000809A4 /* Controller */,
				686837D1216CF089000809A4 /* View */,
			);
			path = FirstIosApp;
			sourceTree = "<group>";
		};
		68B94E84216CE8BB003B3C40 /* FirstIosAppTests */ = {
			isa = PBXGroup;
			children = (
				68B94E85216CE8BB003B3C40 /* FirstIosAppTests.swift */,
				68B94E87216CE8BB003B3C40 /* Info.plist */,
			);
			path = FirstIosAppTests;
			sourceTree = "<group>";
		};
		68B94E8F216CE8BB003B3C40 /* FirstIosAppUITests */ = {
			isa = PBXGroup;
			children = (
				68B94E90216CE8BB003B3C40 /* FirstIosAppUITests.swift */,
				68B94E92216CE8BB003B3C40 /* Info.plist */,
			);
			path = FirstIosAppUITests;
			sourceTree = "<group>";
		};
/* End PBXGroup section */

/* Begin PBXNativeTarget section */
		68B94E6C216CE8B9003B3C40 /* FirstIosApp */ = {
			isa = PBXNativeTarget;
			buildConfigurationList = 68B94E95216CE8BB003B3C40 /* Build configuration list for PBXNativeTarget "FirstIosApp" */;
			buildPhases = (
				68B94E69216CE8B9003B3C40 /* Sources */,
				68B94E6A216CE8B9003B3C40 /* Frameworks */,
				68B94E6B216CE8B9003B3C40 /* Resources */,
			);
			buildRules = (
			);
			dependencies = (
			);
			name = FirstIosApp;
			productName = FirstIosApp;
			productReference = 68B94E6D216CE8B9003B3C40 /* FirstIosApp.app */;
			productType = "com.apple.product-type.application";
		};
		68B94E80216CE8BB003B3C40 /* FirstIosAppTests */ = {
			isa = PBXNativeTarget;
			buildConfigurationList = 68B94E98216CE8BB003B3C40 /* Build configuration list for PBXNativeTarget "FirstIosAppTests" */;
			buildPhases = (
				68B94E7D216CE8BB003B3C40 /* Sources */,
				68B94E7E216CE8BB003B3C40 /* Frameworks */,
				68B94E7F216CE8BB003B3C40 /* Resources */,
			);
			buildRules = (
			);
			dependencies = (
				68B94E83216CE8BB003B3C40 /* PBXTargetDependency */,
			);
			name = FirstIosAppTests;
			productName = FirstIosAppTests;
			productReference = 68B94E81216CE8BB003B3C40 /* FirstIosAppTests.xctest */;
			productType = "com.apple.product-type.bundle.unit-test";
		};
		68B94E8B216CE8BB003B3C40 /* FirstIosAppUITests */ = {
			isa = PBXNativeTarget;
			buildConfigurationList = 68B94E9B216CE8BB003B3C40 /* Build configuration list for PBXNativeTarget "FirstIosAppUITests" */;
			buildPhases = (
				68B94E88216CE8BB003B3C40 /* Sources */,
				68B94E89216CE8BB003B3C40 /* Frameworks */,
				68B94E8A216CE8BB003B3C40 /* Resources */,
			);
			buildRules = (
			);
			dependencies = (
				68B94E8E216CE8BB003B3C40 /* PBXTargetDependency */,
			);
			name = FirstIosAppUITests;
			productName = FirstIosAppUITests;
			productReference = 68B94E8C216CE8BB003B3C40 /* FirstIosAppUITests.xctest */;
			productType = "com.apple.product-type.bundle.ui-testing";
		};
/* End PBXNativeTarget section */

/* Begin PBXProject section */
		68B94E65216CE8B9003B3C40 /* Project object */ = {
			isa = PBXProject;
			attributes = {
				LastSwiftUpdateCheck = 0940;
				LastUpgradeCheck = 0940;
				ORGANIZATIONNAME = Ctec;
				TargetAttributes = {
					68B94E6C216CE8B9003B3C40 = {
						CreatedOnToolsVersion = 9.4.1;
					};
					68B94E80216CE8BB003B3C40 = {
						CreatedOnToolsVersion = 9.4.1;
						TestTargetID = 68B94E6C216CE8B9003B3C40;
					};
					68B94E8B216CE8BB003B3C40 = {
						CreatedOnToolsVersion = 9.4.1;
						TestTargetID = 68B94E6C216CE8B9003B3C40;
					};
				};
			};
			buildConfigurationList = 68B94E68216CE8B9003B3C40 /* Build configuration list for PBXProject "FirstIosApp" */;
			compatibilityVersion = "Xcode 9.3";
			developmentRegion = en;
			hasScannedForEncodings = 0;
			knownRegions = (
				en,
				Base,
			);
			mainGroup = 68B94E64216CE8B9003B3C40;
			productRefGroup = 68B94E6E216CE8B9003B3C40 /* Products */;
			projectDirPath = "";
			projectRoot = "";
			targets = (
				68B94E6C216CE8B9003B3C40 /* FirstIosApp */,
				68B94E80216CE8BB003B3C40 /* FirstIosAppTests */,
				68B94E8B216CE8BB003B3C40 /* FirstIosAppUITests */,
			);
		};
/* End PBXProject section */

/* Begin PBXResourcesBuildPhase section */
		68B94E6B216CE8B9003B3C40 /* Resources */ = {
			isa = PBXResourcesBuildPhase;
			buildActionMask = 2147483647;
			files = (
				68B94E7B216CE8BB003B3C40 /* LaunchScreen.storyboard in Resources */,
				68B94E78216CE8BB003B3C40 /* Assets.xcassets in Resources */,
				68B94E76216CE8B9003B3C40 /* Main.storyboard in Resources */,
			);
			runOnlyForDeploymentPostprocessing = 0;
		};
		68B94E7F216CE8BB003B3C40 /* Resources */ = {
			isa = PBXResourcesBuildPhase;
			buildActionMask = 2147483647;
			files = (
			);
			runOnlyForDeploymentPostprocessing = 0;
		};
		68B94E8A216CE8BB003B3C40 /* Resources */ = {
			isa = PBXResourcesBuildPhase;
			buildActionMask = 2147483647;
			files = (
			);
			runOnlyForDeploymentPostprocessing = 0;
		};
/* End PBXResourcesBuildPhase section */

/* Begin PBXSourcesBuildPhase section */
		68B94E69216CE8B9003B3C40 /* Sources */ = {
			isa = PBXSourcesBuildPhase;
			buildActionMask = 2147483647;
			files = (
				68B94E73216CE8B9003B3C40 /* ColorChangeViewController.swift in Sources */,
				68B94E71216CE8B9003B3C40 /* AppDelegate.swift in Sources */,
			);
			runOnlyForDeploymentPostprocessing = 0;
		};
		68B94E7D216CE8BB003B3C40 /* Sources */ = {
			isa = PBXSourcesBuildPhase;
			buildActionMask = 2147483647;
			files = (
				68B94E86216CE8BB003B3C40 /* FirstIosAppTests.swift in Sources */,
			);
			runOnlyForDeploymentPostprocessing = 0;
		};
		68B94E88216CE8BB003B3C40 /* Sources */ = {
			isa = PBXSourcesBuildPhase;
			buildActionMask = 2147483647;
			files = (
				68B94E91216CE8BB003B3C40 /* FirstIosAppUITests.swift in Sources */,
			);
			runOnlyForDeploymentPostprocessing = 0;
		};
/* End PBXSourcesBuildPhase section */

/* Begin PBXTargetDependency section */
		68B94E83216CE8BB003B3C40 /* PBXTargetDependency */ = {
			isa = PBXTargetDependency;
			target = 68B94E6C216CE8B9003B3C40 /* FirstIosApp */;
			targetProxy = 68B94E82216CE8BB003B3C40 /* PBXContainerItemProxy */;
		};
		68B94E8E216CE8BB003B3C40 /* PBXTargetDependency */ = {
			isa = PBXTargetDependency;
			target = 68B94E6C216CE8B9003B3C40 /* FirstIosApp */;
			targetProxy = 68B94E8D216CE8BB003B3C40 /* PBXContainerItemProxy */;
		};
/* End PBXTargetDependency section */

/* Begin PBXVariantGroup section */
		68B94E74216CE8B9003B3C40 /* Main.storyboard */ = {
			isa = PBXVariantGroup;
			children = (
				68B94E75216CE8B9003B3C40 /* Base */,
			);
			name = Main.storyboard;
			sourceTree = "<group>";
		};
		68B94E79216CE8BB003B3C40 /* LaunchScreen.storyboard */ = {
			isa = PBXVariantGroup;
			children = (
				68B94E7A216CE8BB003B3C40 /* Base */,
			);
			name = LaunchScreen.storyboard;
			sourceTree = "<group>";
		};
/* End PBXVariantGroup section */

/* Begin XCBuildConfiguration section */
		68B94E93216CE8BB003B3C40 /* Debug */ = {
			isa = XCBuildConfiguration;
			buildSettings = {
				ALWAYS_SEARCH_USER_PATHS = NO;
				CLANG_ANALYZER_NONNULL = YES;
				CLANG_ANALYZER_NUMBER_OBJECT_CONVERSION = YES_AGGRESSIVE;
				CLANG_CXX_LANGUAGE_STANDARD = "gnu++14";
				CLANG_CXX_LIBRARY = "libc++";
				CLANG_ENABLE_MODULES = YES;
				CLANG_ENABLE_OBJC_ARC = YES;
				CLANG_ENABLE_OBJC_WEAK = YES;
				CLANG_WARN_BLOCK_CAPTURE_AUTORELEASING = YES;
				CLANG_WARN_BOOL_CONVERSION = YES;
				CLANG_WARN_COMMA = YES;
				CLANG_WARN_CONSTANT_CONVERSION = YES;
				CLANG_WARN_DEPRECATED_OBJC_IMPLEMENTATIONS = YES;
				CLANG_WARN_DIRECT_OBJC_ISA_USAGE = YES_ERROR;
				CLANG_WARN_DOCUMENTATION_COMMENTS = YES;
				CLANG_WARN_EMPTY_BODY = YES;
				CLANG_WARN_ENUM_CONVERSION = YES;
				CLANG_WARN_INFINITE_RECURSION = YES;
				CLANG_WARN_INT_CONVERSION = YES;
				CLANG_WARN_NON_LITERAL_NULL_CONVERSION = YES;
				CLANG_WARN_OBJC_IMPLICIT_RETAIN_SELF = YES;
				CLANG_WARN_OBJC_LITERAL_CONVERSION = YES;
				CLANG_WARN_OBJC_ROOT_CLASS = YES_ERROR;
				CLANG_WARN_RANGE_LOOP_ANALYSIS = YES;
				CLANG_WARN_STRICT_PROTOTYPES = YES;
				CLANG_WARN_SUSPICIOUS_MOVE = YES;
				CLANG_WARN_UNGUARDED_AVAILABILITY = YES_AGGRESSIVE;
				CLANG_WARN_UNREACHABLE_CODE = YES;
				CLANG_WARN__DUPLICATE_METHOD_MATCH = YES;
				CODE_SIGN_IDENTITY = "iPhone Developer";
				COPY_PHASE_STRIP = NO;
				DEBUG_INFORMATION_FORMAT = dwarf;
				ENABLE_STRICT_OBJC_MSGSEND = YES;
				ENABLE_TESTABILITY = YES;
				GCC_C_LANGUAGE_STANDARD = gnu11;
				GCC_DYNAMIC_NO_PIC = NO;
				GCC_NO_COMMON_BLOCKS = YES;
				GCC_OPTIMIZATION_LEVEL = 0;
				GCC_PREPROCESSOR_DEFINITIONS = (
					"DEBUG=1",
					"$(inherited)",
				);
				GCC_WARN_64_TO_32_BIT_CONVERSION = YES;
				GCC_WARN_ABOUT_RETURN_TYPE = YES_ERROR;
				GCC_WARN_UNDECLARED_SELECTOR = YES;
				GCC_WARN_UNINITIALIZED_AUTOS = YES_AGGRESSIVE;
				GCC_WARN_UNUSED_FUNCTION = YES;
				GCC_WARN_UNUSED_VARIABLE = YES;
				IPHONEOS_DEPLOYMENT_TARGET = 11.4;
				MTL_ENABLE_DEBUG_INFO = YES;
				ONLY_ACTIVE_ARCH = YES;
				SDKROOT = iphoneos;
				SWIFT_ACTIVE_COMPILATION_CONDITIONS = DEBUG;
				SWIFT_OPTIMIZATION_LEVEL = "-Onone";
			};
			name = Debug;
		};
		68B94E94216CE8BB003B3C40 /* Release */ = {
			isa = XCBuildConfiguration;
			buildSettings = {
				ALWAYS_SEARCH_USER_PATHS = NO;
				CLANG_ANALYZER_NONNULL = YES;
				CLANG_ANALYZER_NUMBER_OBJECT_CONVERSION = YES_AGGRESSIVE;
				CLANG_CXX_LANGUAGE_STANDARD = "gnu++14";
				CLANG_CXX_LIBRARY = "libc++";
				CLANG_ENABLE_MODULES = YES;
				CLANG_ENABLE_OBJC_ARC = YES;
				CLANG_ENABLE_OBJC_WEAK = YES;
				CLANG_WARN_BLOCK_CAPTURE_AUTORELEASING = YES;
				CLANG_WARN_BOOL_CONVERSION = YES;
				CLANG_WARN_COMMA = YES;
				CLANG_WARN_CONSTANT_CONVERSION = YES;
				CLANG_WARN_DEPRECATED_OBJC_IMPLEMENTATIONS = YES;
				CLANG_WARN_DIRECT_OBJC_ISA_USAGE = YES_ERROR;
				CLANG_WARN_DOCUMENTATION_COMMENTS = YES;
				CLANG_WARN_EMPTY_BODY = YES;
				CLANG_WARN_ENUM_CONVERSION = YES;
				CLANG_WARN_INFINITE_RECURSION = YES;
				CLANG_WARN_INT_CONVERSION = YES;
				CLANG_WARN_NON_LITERAL_NULL_CONVERSION = YES;
				CLANG_WARN_OBJC_IMPLICIT_RETAIN_SELF = YES;
				CLANG_WARN_OBJC_LITERAL_CONVERSION = YES;
				CLANG_WARN_OBJC_ROOT_CLASS = YES_ERROR;
				CLANG_WARN_RANGE_LOOP_ANALYSIS = YES;
				CLANG_WARN_STRICT_PROTOTYPES = YES;
				CLANG_WARN_SUSPICIOUS_MOVE = YES;
				CLANG_WARN_UNGUARDED_AVAILABILITY = YES_AGGRESSIVE;
				CLANG_WARN_UNREACHABLE_CODE = YES;
				CLANG_WARN__DUPLICATE_METHOD_MATCH = YES;
				CODE_SIGN_IDENTITY = "iPhone Developer";
				COPY_PHASE_STRIP = NO;
				DEBUG_INFORMATION_FORMAT = "dwarf-with-dsym";
				ENABLE_NS_ASSERTIONS = NO;
				ENABLE_STRICT_OBJC_MSGSEND = YES;
				GCC_C_LANGUAGE_STANDARD = gnu11;
				GCC_NO_COMMON_BLOCKS = YES;
				GCC_WARN_64_TO_32_BIT_CONVERSION = YES;
				GCC_WARN_ABOUT_RETURN_TYPE = YES_ERROR;
				GCC_WARN_UNDECLARED_SELECTOR = YES;
				GCC_WARN_UNINITIALIZED_AUTOS = YES_AGGRESSIVE;
				GCC_WARN_UNUSED_FUNCTION = YES;
				GCC_WARN_UNUSED_VARIABLE = YES;
				IPHONEOS_DEPLOYMENT_TARGET = 11.4;
				MTL_ENABLE_DEBUG_INFO = NO;
				SDKROOT = iphoneos;
				SWIFT_COMPILATION_MODE = wholemodule;
				SWIFT_OPTIMIZATION_LEVEL = "-O";
				VALIDATE_PRODUCT = YES;
			};
			name = Release;
		};
		68B94E96216CE8BB003B3C40 /* Debug */ = {
			isa = XCBuildConfiguration;
			buildSettings = {
				ASSETCATALOG_COMPILER_APPICON_NAME = AppIcon;
				CODE_SIGN_STYLE = Automatic;
				INFOPLIST_FILE = "$(SRCROOT)/FirstIosApp/Resources/Info.plist";
				LD_RUNPATH_SEARCH_PATHS = (
					"$(inherited)",
					"@executable_path/Frameworks",
				);
				PRODUCT_BUNDLE_IDENTIFIER = Ctec.FirstIosApp;
				PRODUCT_NAME = "$(TARGET_NAME)";
				SWIFT_VERSION = 4.0;
				TARGETED_DEVICE_FAMILY = "1,2";
			};
			name = Debug;
		};
		68B94E97216CE8BB003B3C40 /* Release */ = {
			isa = XCBuildConfiguration;
			buildSettings = {
				ASSETCATALOG_COMPILER_APPICON_NAME = AppIcon;
				CODE_SIGN_STYLE = Automatic;
				INFOPLIST_FILE = "$(SRCROOT)/FirstIosApp/Resources/Info.plist";
				LD_RUNPATH_SEARCH_PATHS = (
					"$(inherited)",
					"@executable_path/Frameworks",
				);
				PRODUCT_BUNDLE_IDENTIFIER = Ctec.FirstIosApp;
				PRODUCT_NAME = "$(TARGET_NAME)";
				SWIFT_VERSION = 4.0;
				TARGETED_DEVICE_FAMILY = "1,2";
			};
			name = Release;
		};
		68B94E99216CE8BB003B3C40 /* Debug */ = {
			isa = XCBuildConfiguration;
			buildSettings = {
				ALWAYS_EMBED_SWIFT_STANDARD_LIBRARIES = YES;
				BUNDLE_LOADER = "$(TEST_HOST)";
				CODE_SIGN_STYLE = Automatic;
				INFOPLIST_FILE = FirstIosAppTests/Info.plist;
				LD_RUNPATH_SEARCH_PATHS = (
					"$(inherited)",
					"@executable_path/Frameworks",
					"@loader_path/Frameworks",
				);
				PRODUCT_BUNDLE_IDENTIFIER = Ctec.FirstIosAppTests;
				PRODUCT_NAME = "$(TARGET_NAME)";
				SWIFT_VERSION = 4.0;
				TARGETED_DEVICE_FAMILY = "1,2";
				TEST_HOST = "$(BUILT_PRODUCTS_DIR)/FirstIosApp.app/FirstIosApp";
			};
			name = Debug;
		};
		68B94E9A216CE8BB003B3C40 /* Release */ = {
			isa = XCBuildConfiguration;
			buildSettings = {
				ALWAYS_EMBED_SWIFT_STANDARD_LIBRARIES = YES;
				BUNDLE_LOADER = "$(TEST_HOST)";
				CODE_SIGN_STYLE = Automatic;
				INFOPLIST_FILE = FirstIosAppTests/Info.plist;
				LD_RUNPATH_SEARCH_PATHS = (
					"$(inherited)",
					"@executable_path/Frameworks",
					"@loader_path/Frameworks",
				);
				PRODUCT_BUNDLE_IDENTIFIER = Ctec.FirstIosAppTests;
				PRODUCT_NAME = "$(TARGET_NAME)";
				SWIFT_VERSION = 4.0;
				TARGETED_DEVICE_FAMILY = "1,2";
				TEST_HOST = "$(BUILT_PRODUCTS_DIR)/FirstIosApp.app/FirstIosApp";
			};
			name = Release;
		};
		68B94E9C216CE8BB003B3C40 /* Debug */ = {
			isa = XCBuildConfiguration;
			buildSettings = {
				ALWAYS_EMBED_SWIFT_STANDARD_LIBRARIES = YES;
				CODE_SIGN_STYLE = Automatic;
				INFOPLIST_FILE = FirstIosAppUITests/Info.plist;
				LD_RUNPATH_SEARCH_PATHS = (
					"$(inherited)",
					"@executable_path/Frameworks",
					"@loader_path/Frameworks",
				);
				PRODUCT_BUNDLE_IDENTIFIER = Ctec.FirstIosAppUITests;
				PRODUCT_NAME = "$(TARGET_NAME)";
				SWIFT_VERSION = 4.0;
				TARGETED_DEVICE_FAMILY = "1,2";
				TEST_TARGET_NAME = FirstIosApp;
			};
			name = Debug;
		};
		68B94E9D216CE8BB003B3C40 /* Release */ = {
			isa = XCBuildConfiguration;
			buildSettings = {
				ALWAYS_EMBED_SWIFT_STANDARD_LIBRARIES = YES;
				CODE_SIGN_STYLE = Automatic;
				INFOPLIST_FILE = FirstIosAppUITests/Info.plist;
				LD_RUNPATH_SEARCH_PATHS = (
					"$(inherited)",
					"@executable_path/Frameworks",
					"@loader_path/Frameworks",
				);
				PRODUCT_BUNDLE_IDENTIFIER = Ctec.FirstIosAppUITests;
				PRODUCT_NAME = "$(TARGET_NAME)";
				SWIFT_VERSION = 4.0;
				TARGETED_DEVICE_FAMILY = "1,2";
				TEST_TARGET_NAME = FirstIosApp;
			};
			name = Release;
		};
/* End XCBuildConfiguration section */

/* Begin XCConfigurationList section */
		68B94E68216CE8B9003B3C40 /* Build configuration list for PBXProject "FirstIosApp" */ = {
			isa = XCConfigurationList;
			buildConfigurations = (
				68B94E93216CE8BB003B3C40 /* Debug */,
				68B94E94216CE8BB003B3C40 /* Release */,
			);
			defaultConfigurationIsVisible = 0;
			defaultConfigurationName = Release;
		};
		68B94E95216CE8BB003B3C40 /* Build configuration list for PBXNativeTarget "FirstIosApp" */ = {
			isa = XCConfigurationList;
			buildConfigurations = (
				68B94E96216CE8BB003B3C40 /* Debug */,
				68B94E97216CE8BB003B3C40 /* Release */,
			);
			defaultConfigurationIsVisible = 0;
			defaultConfigurationName = Release;
		};
		68B94E98216CE8BB003B3C40 /* Build configuration list for PBXNativeTarget "FirstIosAppTests" */ = {
			isa = XCConfigurationList;
			buildConfigurations = (
				68B94E99216CE8BB003B3C40 /* Debug */,
				68B94E9A216CE8BB003B3C40 /* Release */,
			);
			defaultConfigurationIsVisible = 0;
			defaultConfigurationName = Release;
		};
		68B94E9B216CE8BB003B3C40 /* Build configuration list for PBXNativeTarget "FirstIosAppUITests" */ = {
			isa = XCConfigurationList;
			buildConfigurations = (
				68B94E9C216CE8BB003B3C40 /* Debug */,
				68B94E9D216CE8BB003B3C40 /* Release */,
			);
			defaultConfigurationIsVisible = 0;
			defaultConfigurationName = Release;
		};
/* End XCConfigurationList section */
	};
	rootObject = 68B94E65216CE8B9003B3C40 /* Project object */;
}
